{
  "name": "benchmark",
  "lockfileVersion": 2,
  "requires": true,
  "packages": {
    "": {
      "dependencies": {
        "@kripod/uuidv7": "^0.3.4",
        "benchmark": "^2.1.4",
        "ui7": "file:..",
        "ulid": "^2.3.0",
        "uuid": "^9.0.0",
        "uuidv7": "^0.3.5"
      }
    },
    "..": {
      "name": "ui7",
      "version": "0.1.0",
      "license": "MIT",
      "devDependencies": {
        "@typescript-eslint/eslint-plugin": "^5.38.0",
        "@typescript-eslint/parser": "^5.38.0",
        "ava": "^4.3.3",
        "concurrently": "^7.4.0",
        "esbuild": "^0.15.9",
        "eslint-plugin-ava": "^13.2.0",
        "prettier": "^2.7.1",
        "rimraf": "^3.0.2",
        "ts-node": "^10.9.1",
        "typescript": "^4.8.3"
      },
      "engines": {
        "node": ">=12.0"
      }
    },
    "node_modules/@kripod/uuidv7": {
      "version": "0.3.4",
      "resolved": "https://registry.npmjs.org/@kripod/uuidv7/-/uuidv7-0.3.4.tgz",
      "integrity": "sha512-i+CBqPsPehhAlDt2KYRR4+Yhj6LvnuBQQwNfNHwYkROjztaOmnDXPRvWl5zDy9ReVdRDhNeC4f2qRjjOLx1fsg=="
    },
    "node_modules/benchmark": {
      "version": "2.1.4",
      "resolved": "https://registry.npmjs.org/benchmark/-/benchmark-2.1.4.tgz",
      "integrity": "sha512-l9MlfN4M1K/H2fbhfMy3B7vJd6AGKJVQn2h6Sg/Yx+KckoUA7ewS5Vv6TjSq18ooE1kS9hhAlQRH3AkXIh/aOQ==",
      "dependencies": {
        "lodash": "^4.17.4",
        "platform": "^1.3.3"
      }
    },
    "node_modules/lodash": {
      "version": "4.17.21",
      "resolved": "https://registry.npmjs.org/lodash/-/lodash-4.17.21.tgz",
      "integrity": "sha512-v2kDEe57lecTulaDIuNTPy3Ry4gLGJ6Z1O3vE1krgXZNrsQ+LFTGHVxVjcXPs17LhbZVGedAJv8XZ1tvj5FvSg=="
    },
    "node_modules/platform": {
      "version": "1.3.6",
      "resolved": "https://registry.npmjs.org/platform/-/platform-1.3.6.tgz",
      "integrity": "sha512-fnWVljUchTro6RiCFvCXBbNhJc2NijN7oIQxbwsyL0buWJPG85v81ehlHI9fXrJsMNgTofEoWIQeClKpgxFLrg=="
    },
    "node_modules/ui7": {
      "resolved": "..",
      "link": true
    },
    "node_modules/ulid": {
      "version": "2.3.0",
      "resolved": "https://registry.npmjs.org/ulid/-/ulid-2.3.0.tgz",
      "integrity": "sha512-keqHubrlpvT6G2wH0OEfSW4mquYRcbe/J8NMmveoQOjUqmo+hXtO+ORCpWhdbZ7k72UtY61BL7haGxW6enBnjw==",
      "bin": {
        "ulid": "bin/cli.js"
      }
    },
    "node_modules/uuid": {
      "version": "9.0.0",
      "resolved": "https://registry.npmjs.org/uuid/-/uuid-9.0.0.tgz",
      "integrity": "sha512-MXcSTerfPa4uqyzStbRoTgt5XIe3x5+42+q1sDuy3R5MDk66URdLMOZe5aPX/SQd+kuYAh0FdP/pO28IkQyTeg==",
      "bin": {
        "uuid": "dist/bin/uuid"
      }
    },
    "node_modules/uuidv7": {
      "version": "0.3.5",
      "resolved": "https://registry.npmjs.org/uuidv7/-/uuidv7-0.3.5.tgz",
      "integrity": "sha512-azGlaTbztKfiq4C3N/BxOTNlC+c/pjcVy4F1rRp5ZnXPthB7OqO775hpVBh/+9KklTQHcR8V/ZyOu67aq3q4Qg==",
      "bin": {
        "uuidv7": "cli.js"
      }
    }
  },
  "dependencies": {
    "@kripod/uuidv7": {
      "version": "0.3.4",
      "resolved": "https://registry.npmjs.org/@kripod/uuidv7/-/uuidv7-0.3.4.tgz",
      "integrity": "sha512-i+CBqPsPehhAlDt2KYRR4+Yhj6LvnuBQQwNfNHwYkROjztaOmnDXPRvWl5zDy9ReVdRDhNeC4f2qRjjOLx1fsg=="
    },
    "benchmark": {
      "version": "2.1.4",
      "resolved": "https://registry.npmjs.org/benchmark/-/benchmark-2.1.4.tgz",
      "integrity": "sha512-l9MlfN4M1K/H2fbhfMy3B7vJd6AGKJVQn2h6Sg/Yx+KckoUA7ewS5Vv6TjSq18ooE1kS9hhAlQRH3AkXIh/aOQ==",
      "requires": {
        "lodash": "^4.17.4",
        "platform": "^1.3.3"
      }
    },
    "lodash": {
      "version": "4.17.21",
      "resolved": "https://registry.npmjs.org/lodash/-/lodash-4.17.21.tgz",
      "integrity": "sha512-v2kDEe57lecTulaDIuNTPy3Ry4gLGJ6Z1O3vE1krgXZNrsQ+LFTGHVxVjcXPs17LhbZVGedAJv8XZ1tvj5FvSg=="
    },
    "platform": {
      "version": "1.3.6",
      "resolved": "https://registry.npmjs.org/platform/-/platform-1.3.6.tgz",
      "integrity": "sha512-fnWVljUchTro6RiCFvCXBbNhJc2NijN7oIQxbwsyL0buWJPG85v81ehlHI9fXrJsMNgTofEoWIQeClKpgxFLrg=="
    },
    "ui7": {
      "version": "file:..",
      "requires": {
        "@typescript-eslint/eslint-plugin": "^5.38.0",
        "@typescript-eslint/parser": "^5.38.0",
        "ava": "^4.3.3",
        "concurrently": "^7.4.0",
        "esbuild": "^0.15.9",
        "eslint-plugin-ava": "^13.2.0",
        "prettier": "^2.7.1",
        "rimraf": "^3.0.2",
        "ts-node": "^10.9.1",
        "typescript": "^4.8.3"
      }
    },
    "ulid": {
      "version": "2.3.0",
      "resolved": "https://registry.npmjs.org/ulid/-/ulid-2.3.0.tgz",
      "integrity": "sha512-keqHubrlpvT6G2wH0OEfSW4mquYRcbe/J8NMmveoQOjUqmo+hXtO+ORCpWhdbZ7k72UtY61BL7haGxW6enBnjw=="
    },
    "uuid": {
      "version": "9.0.0",
      "resolved": "https://registry.npmjs.org/uuid/-/uuid-9.0.0.tgz",
      "integrity": "sha512-MXcSTerfPa4uqyzStbRoTgt5XIe3x5+42+q1sDuy3R5MDk66URdLMOZe5aPX/SQd+kuYAh0FdP/pO28IkQyTeg=="
    },
    "uuidv7": {
      "version": "0.3.5",
      "resolved": "https://registry.npmjs.org/uuidv7/-/uuidv7-0.3.5.tgz",
      "integrity": "sha512-azGlaTbztKfiq4C3N/BxOTNlC+c/pjcVy4F1rRp5ZnXPthB7OqO775hpVBh/+9KklTQHcR8V/ZyOu67aq3q4Qg=="
    }
  }
}
